// !$*UTF8*$!
{
	archiveVersion = 1;
	classes = {
	};
	objectVersion = 46;
	objects = {

/* Begin PBXBuildFile section */
		5A2B2B4018FE1D8600CFC415 /* badge_appstore-lrg.png in Resources */ = {isa = PBXBuildFile; fileRef = 5A2B2B3F18FE1D8600CFC415 /* badge_appstore-lrg.png */; };
		5A45318D1913F62C003A014F /* emptystar.png in Resources */ = {isa = PBXBuildFile; fileRef = 5A45318A1913F62C003A014F /* emptystar.png */; };
		5A45318E1913F62C003A014F /* halfstar.png in Resources */ = {isa = PBXBuildFile; fileRef = 5A45318B1913F62C003A014F /* halfstar.png */; };
		5A45318F1913F62C003A014F /* fullstar.png in Resources */ = {isa = PBXBuildFile; fileRef = 5A45318C1913F62C003A014F /* fullstar.png */; };
		5A62284E18B68E4A00A7553A /* Foundation.framework in Frameworks */ = {isa = PBXBuildFile; fileRef = 5A62284D18B68E4A00A7553A /* Foundation.framework */; };
		5A62285018B68E4A00A7553A /* CoreGraphics.framework in Frameworks */ = {isa = PBXBuildFile; fileRef = 5A62284F18B68E4A00A7553A /* CoreGraphics.framework */; };
		5A62285218B68E4A00A7553A /* UIKit.framework in Frameworks */ = {isa = PBXBuildFile; fileRef = 5A62285118B68E4A00A7553A /* UIKit.framework */; };
		5A62285818B68E4A00A7553A /* InfoPlist.strings in Resources */ = {isa = PBXBuildFile; fileRef = 5A62285618B68E4A00A7553A /* InfoPlist.strings */; };
		5A62285A18B68E4A00A7553A /* main.m in Sources */ = {isa = PBXBuildFile; fileRef = 5A62285918B68E4A00A7553A /* main.m */; };
		5A62285E18B68E4A00A7553A /* AppDelegate.m in Sources */ = {isa = PBXBuildFile; fileRef = 5A62285D18B68E4A00A7553A /* AppDelegate.m */; };
		5A62286118B68E4A00A7553A /* Main_iPhone.storyboard in Resources */ = {isa = PBXBuildFile; fileRef = 5A62285F18B68E4A00A7553A /* Main_iPhone.storyboard */; };
		5A62286418B68E4A00A7553A /* Main_iPad.storyboard in Resources */ = {isa = PBXBuildFile; fileRef = 5A62286218B68E4A00A7553A /* Main_iPad.storyboard */; };
		5A62286718B68E4A00A7553A /* MainViewController.m in Sources */ = {isa = PBXBuildFile; fileRef = 5A62286618B68E4A00A7553A /* MainViewController.m */; };
		5A62286A18B68E4A00A7553A /* FlipsideViewController.m in Sources */ = {isa = PBXBuildFile; fileRef = 5A62286918B68E4A00A7553A /* FlipsideViewController.m */; };
		5A62286C18B68E4A00A7553A /* Images.xcassets in Resources */ = {isa = PBXBuildFile; fileRef = 5A62286B18B68E4A00A7553A /* Images.xcassets */; };
		5A62287318B68E4A00A7553A /* XCTest.framework in Frameworks */ = {isa = PBXBuildFile; fileRef = 5A62287218B68E4A00A7553A /* XCTest.framework */; };
		5A62287418B68E4A00A7553A /* Foundation.framework in Frameworks */ = {isa = PBXBuildFile; fileRef = 5A62284D18B68E4A00A7553A /* Foundation.framework */; };
		5A62287518B68E4A00A7553A /* UIKit.framework in Frameworks */ = {isa = PBXBuildFile; fileRef = 5A62285118B68E4A00A7553A /* UIKit.framework */; };
		5A62287D18B68E4A00A7553A /* InfoPlist.strings in Resources */ = {isa = PBXBuildFile; fileRef = 5A62287B18B68E4A00A7553A /* InfoPlist.strings */; };
		5A62287F18B68E4A00A7553A /* asdfTests.m in Sources */ = {isa = PBXBuildFile; fileRef = 5A62287E18B68E4A00A7553A /* asdfTests.m */; };
		5A62B31E18F606EE00477EA6 /* dsgn_93_default.menu.png in Resources */ = {isa = PBXBuildFile; fileRef = 5A62B31B18F606EE00477EA6 /* dsgn_93_default.menu.png */; };
		5A62B31F18F606EE00477EA6 /* stargold.png in Resources */ = {isa = PBXBuildFile; fileRef = 5A62B31C18F606EE00477EA6 /* stargold.png */; };
		5A70B2A118B90FAC0024053E /* DevBanner.m in Sources */ = {isa = PBXBuildFile; fileRef = 5A70B2A018B90FAC0024053E /* DevBanner.m */; };
		5A7557F8192D1C8D0057BE09 /* star1.png in Resources */ = {isa = PBXBuildFile; fileRef = 5A7557F7192D1C8D0057BE09 /* star1.png */; };
		5A7557FA192D1D430057BE09 /* star3.png in Resources */ = {isa = PBXBuildFile; fileRef = 5A7557F9192D1D430057BE09 /* star3.png */; };
		5A8CDFCE18FECC29004D4C55 /* DevRater.m in Sources */ = {isa = PBXBuildFile; fileRef = 5A8CDFCD18FECC29004D4C55 /* DevRater.m */; };
		5A8CDFD018FED3DC004D4C55 /* Icon.png in Resources */ = {isa = PBXBuildFile; fileRef = 5A8CDFCF18FED3DC004D4C55 /* Icon.png */; };
		5AB307491921562700CA28F5 /* star2.png in Resources */ = {isa = PBXBuildFile; fileRef = 5AB307471921562700CA28F5 /* star2.png */; };
		5AD9EF601922E70E006E63D6 /* CustomAlertView.m in Sources */ = {isa = PBXBuildFile; fileRef = 5AD9EF5F1922E70E006E63D6 /* CustomAlertView.m */; };
		FC4EAD53190F2C29000C0195 /* BannerInfo.m in Sources */ = {isa = PBXBuildFile; fileRef = FC4EAD52190F2C29000C0195 /* BannerInfo.m */; };
/* End PBXBuildFile section */

/* Begin PBXContainerItemProxy section */
		5A62287618B68E4A00A7553A /* PBXContainerItemProxy */ = {
			isa = PBXContainerItemProxy;
			containerPortal = 5A62284218B68E4A00A7553A /* Project object */;
			proxyType = 1;
			remoteGlobalIDString = 5A62284918B68E4A00A7553A;
			remoteInfo = asdf;
		};
/* End PBXContainerItemProxy section */

/* Begin PBXFileReference section */
		5A2B2B3F18FE1D8600CFC415 /* badge_appstore-lrg.png */ = {isa = PBXFileReference; lastKnownFileType = image.png; path = "badge_appstore-lrg.png"; sourceTree = "<group>"; };
		5A45318A1913F62C003A014F /* emptystar.png */ = {isa = PBXFileReference; lastKnownFileType = image.png; path = emptystar.png; sourceTree = "<group>"; };
		5A45318B1913F62C003A014F /* halfstar.png */ = {isa = PBXFileReference; lastKnownFileType = image.png; path = halfstar.png; sourceTree = "<group>"; };
		5A45318C1913F62C003A014F /* fullstar.png */ = {isa = PBXFileReference; lastKnownFileType = image.png; path = fullstar.png; sourceTree = "<group>"; };
		5A62284A18B68E4A00A7553A /* asdf.app */ = {isa = PBXFileReference; explicitFileType = wrapper.application; includeInIndex = 0; path = asdf.app; sourceTree = BUILT_PRODUCTS_DIR; };
		5A62284D18B68E4A00A7553A /* Foundation.framework */ = {isa = PBXFileReference; lastKnownFileType = wrapper.framework; name = Foundation.framework; path = System/Library/Frameworks/Foundation.framework; sourceTree = SDKROOT; };
		5A62284F18B68E4A00A7553A /* CoreGraphics.framework */ = {isa = PBXFileReference; lastKnownFileType = wrapper.framework; name = CoreGraphics.framework; path = System/Library/Frameworks/CoreGraphics.framework; sourceTree = SDKROOT; };
		5A62285118B68E4A00A7553A /* UIKit.framework */ = {isa = PBXFileReference; lastKnownFileType = wrapper.framework; name = UIKit.framework; path = System/Library/Frameworks/UIKit.framework; sourceTree = SDKROOT; };
		5A62285518B68E4A00A7553A /* asdf-Info.plist */ = {isa = PBXFileReference; lastKnownFileType = text.plist.xml; path = "asdf-Info.plist"; sourceTree = "<group>"; };
		5A62285718B68E4A00A7553A /* en */ = {isa = PBXFileReference; lastKnownFileType = text.plist.strings; name = en; path = en.lproj/InfoPlist.strings; sourceTree = "<group>"; };
		5A62285918B68E4A00A7553A /* main.m */ = {isa = PBXFileReference; lastKnownFileType = sourcecode.c.objc; path = main.m; sourceTree = "<group>"; };
		5A62285B18B68E4A00A7553A /* asdf-Prefix.pch */ = {isa = PBXFileReference; lastKnownFileType = sourcecode.c.h; path = "asdf-Prefix.pch"; sourceTree = "<group>"; };
		5A62285C18B68E4A00A7553A /* AppDelegate.h */ = {isa = PBXFileReference; lastKnownFileType = sourcecode.c.h; path = AppDelegate.h; sourceTree = "<group>"; };
		5A62285D18B68E4A00A7553A /* AppDelegate.m */ = {isa = PBXFileReference; lastKnownFileType = sourcecode.c.objc; path = AppDelegate.m; sourceTree = "<group>"; };
		5A62286018B68E4A00A7553A /* Base */ = {isa = PBXFileReference; lastKnownFileType = file.storyboard; name = Base; path = Base.lproj/Main_iPhone.storyboard; sourceTree = "<group>"; };
		5A62286318B68E4A00A7553A /* Base */ = {isa = PBXFileReference; lastKnownFileType = file.storyboard; name = Base; path = Base.lproj/Main_iPad.storyboard; sourceTree = "<group>"; };
		5A62286518B68E4A00A7553A /* MainViewController.h */ = {isa = PBXFileReference; lastKnownFileType = sourcecode.c.h; path = MainViewController.h; sourceTree = "<group>"; };
		5A62286618B68E4A00A7553A /* MainViewController.m */ = {isa = PBXFileReference; lastKnownFileType = sourcecode.c.objc; path = MainViewController.m; sourceTree = "<group>"; };
		5A62286818B68E4A00A7553A /* FlipsideViewController.h */ = {isa = PBXFileReference; lastKnownFileType = sourcecode.c.h; path = FlipsideViewController.h; sourceTree = "<group>"; };
		5A62286918B68E4A00A7553A /* FlipsideViewController.m */ = {isa = PBXFileReference; lastKnownFileType = sourcecode.c.objc; path = FlipsideViewController.m; sourceTree = "<group>"; };
		5A62286B18B68E4A00A7553A /* Images.xcassets */ = {isa = PBXFileReference; lastKnownFileType = folder.assetcatalog; path = Images.xcassets; sourceTree = "<group>"; };
		5A62287118B68E4A00A7553A /* asdfTests.xctest */ = {isa = PBXFileReference; explicitFileType = wrapper.cfbundle; includeInIndex = 0; path = asdfTests.xctest; sourceTree = BUILT_PRODUCTS_DIR; };
		5A62287218B68E4A00A7553A /* XCTest.framework */ = {isa = PBXFileReference; lastKnownFileType = wrapper.framework; name = XCTest.framework; path = Library/Frameworks/XCTest.framework; sourceTree = DEVELOPER_DIR; };
		5A62287A18B68E4A00A7553A /* asdfTests-Info.plist */ = {isa = PBXFileReference; lastKnownFileType = text.plist.xml; path = "asdfTests-Info.plist"; sourceTree = "<group>"; };
		5A62287C18B68E4A00A7553A /* en */ = {isa = PBXFileReference; lastKnownFileType = text.plist.strings; name = en; path = en.lproj/InfoPlist.strings; sourceTree = "<group>"; };
		5A62287E18B68E4A00A7553A /* asdfTests.m */ = {isa = PBXFileReference; lastKnownFileType = sourcecode.c.objc; path = asdfTests.m; sourceTree = "<group>"; };
		5A62B31B18F606EE00477EA6 /* dsgn_93_default.menu.png */ = {isa = PBXFileReference; lastKnownFileType = image.png; path = dsgn_93_default.menu.png; sourceTree = "<group>"; };
		5A62B31C18F606EE00477EA6 /* stargold.png */ = {isa = PBXFileReference; lastKnownFileType = image.png; path = stargold.png; sourceTree = "<group>"; };
		5A70B29F18B90FAC0024053E /* DevBanner.h */ = {isa = PBXFileReference; fileEncoding = 4; lastKnownFileType = sourcecode.c.h; path = DevBanner.h; sourceTree = "<group>"; };
		5A70B2A018B90FAC0024053E /* DevBanner.m */ = {isa = PBXFileReference; fileEncoding = 4; lastKnownFileType = sourcecode.c.objc; path = DevBanner.m; sourceTree = "<group>"; };
		5A7557F7192D1C8D0057BE09 /* star1.png */ = {isa = PBXFileReference; lastKnownFileType = image.png; path = star1.png; sourceTree = "<group>"; };
		5A7557F9192D1D430057BE09 /* star3.png */ = {isa = PBXFileReference; lastKnownFileType = image.png; path = star3.png; sourceTree = "<group>"; };
		5A8CDFCC18FECC29004D4C55 /* DevRater.h */ = {isa = PBXFileReference; fileEncoding = 4; lastKnownFileType = sourcecode.c.h; path = DevRater.h; sourceTree = "<group>"; };
		5A8CDFCD18FECC29004D4C55 /* DevRater.m */ = {isa = PBXFileReference; fileEncoding = 4; lastKnownFileType = sourcecode.c.objc; path = DevRater.m; sourceTree = "<group>"; };
		5A8CDFCF18FED3DC004D4C55 /* Icon.png */ = {isa = PBXFileReference; lastKnownFileType = image.png; path = Icon.png; sourceTree = "<group>"; };
		5AB307471921562700CA28F5 /* star2.png */ = {isa = PBXFileReference; lastKnownFileType = image.png; path = star2.png; sourceTree = "<group>"; };
		5AD9EF5E1922E6A4006E63D6 /* CustomAlertView.h */ = {isa = PBXFileReference; lastKnownFileType = sourcecode.c.h; path = CustomAlertView.h; sourceTree = "<group>"; };
		5AD9EF5F1922E70E006E63D6 /* CustomAlertView.m */ = {isa = PBXFileReference; fileEncoding = 4; lastKnownFileType = sourcecode.c.objc; path = CustomAlertView.m; sourceTree = "<group>"; };
		FC4EAD51190F2C29000C0195 /* BannerInfo.h */ = {isa = PBXFileReference; fileEncoding = 4; lastKnownFileType = sourcecode.c.h; path = BannerInfo.h; sourceTree = "<group>"; };
		FC4EAD52190F2C29000C0195 /* BannerInfo.m */ = {isa = PBXFileReference; fileEncoding = 4; lastKnownFileType = sourcecode.c.objc; path = BannerInfo.m; sourceTree = "<group>"; };
/* End PBXFileReference section */

/* Begin PBXFrameworksBuildPhase section */
		5A62284718B68E4A00A7553A /* Frameworks */ = {
			isa = PBXFrameworksBuildPhase;
			buildActionMask = 2147483647;
			files = (
				5A62285018B68E4A00A7553A /* CoreGraphics.framework in Frameworks */,
				5A62285218B68E4A00A7553A /* UIKit.framework in Frameworks */,
				5A62284E18B68E4A00A7553A /* Foundation.framework in Frameworks */,
			);
			runOnlyForDeploymentPostprocessing = 0;
		};
		5A62286E18B68E4A00A7553A /* Frameworks */ = {
			isa = PBXFrameworksBuildPhase;
			buildActionMask = 2147483647;
			files = (
				5A62287318B68E4A00A7553A /* XCTest.framework in Frameworks */,
				5A62287518B68E4A00A7553A /* UIKit.framework in Frameworks */,
				5A62287418B68E4A00A7553A /* Foundation.framework in Frameworks */,
			);
			runOnlyForDeploymentPostprocessing = 0;
		};
/* End PBXFrameworksBuildPhase section */

/* Begin PBXGroup section */
		5A62284118B68E4A00A7553A = {
			isa = PBXGroup;
			children = (
				5A62285318B68E4A00A7553A /* asdf */,
				5A62287818B68E4A00A7553A /* asdfTests */,
				5A62284C18B68E4A00A7553A /* Frameworks */,
				5A62284B18B68E4A00A7553A /* Products */,
			);
			sourceTree = "<group>";
		};
		5A62284B18B68E4A00A7553A /* Products */ = {
			isa = PBXGroup;
			children = (
				5A62284A18B68E4A00A7553A /* asdf.app */,
				5A62287118B68E4A00A7553A /* asdfTests.xctest */,
			);
			name = Products;
			sourceTree = "<group>";
		};
		5A62284C18B68E4A00A7553A /* Frameworks */ = {
			isa = PBXGroup;
			children = (
				5A62284D18B68E4A00A7553A /* Foundation.framework */,
				5A62284F18B68E4A00A7553A /* CoreGraphics.framework */,
				5A62285118B68E4A00A7553A /* UIKit.framework */,
				5A62287218B68E4A00A7553A /* XCTest.framework */,
			);
			name = Frameworks;
			sourceTree = "<group>";
		};
		5A62285318B68E4A00A7553A /* asdf */ = {
			isa = PBXGroup;
			children = (
				5A62285C18B68E4A00A7553A /* AppDelegate.h */,
				5AD9EF5E1922E6A4006E63D6 /* CustomAlertView.h */,
				5AD9EF5F1922E70E006E63D6 /* CustomAlertView.m */,
				5A70B29F18B90FAC0024053E /* DevBanner.h */,
				5A70B2A018B90FAC0024053E /* DevBanner.m */,
				5A8CDFCC18FECC29004D4C55 /* DevRater.h */,
				5A8CDFCD18FECC29004D4C55 /* DevRater.m */,
				5A62285D18B68E4A00A7553A /* AppDelegate.m */,
				5A62285F18B68E4A00A7553A /* Main_iPhone.storyboard */,
				5A62286218B68E4A00A7553A /* Main_iPad.storyboard */,
				5A62286518B68E4A00A7553A /* MainViewController.h */,
				5A62286618B68E4A00A7553A /* MainViewController.m */,
				5A62286818B68E4A00A7553A /* FlipsideViewController.h */,
				5A62286918B68E4A00A7553A /* FlipsideViewController.m */,
				5A7557F7192D1C8D0057BE09 /* star1.png */,
				5AB307471921562700CA28F5 /* star2.png */,
				5A7557F9192D1D430057BE09 /* star3.png */,
				5A45318A1913F62C003A014F /* emptystar.png */,
				5A45318B1913F62C003A014F /* halfstar.png */,
				5A45318C1913F62C003A014F /* fullstar.png */,
				5A8CDFCF18FED3DC004D4C55 /* Icon.png */,
				5A62B31B18F606EE00477EA6 /* dsgn_93_default.menu.png */,
				5A62B31C18F606EE00477EA6 /* stargold.png */,
				5A2B2B3F18FE1D8600CFC415 /* badge_appstore-lrg.png */,
				5A62286B18B68E4A00A7553A /* Images.xcassets */,
				5A62285418B68E4A00A7553A /* Supporting Files */,
				FC4EAD51190F2C29000C0195 /* BannerInfo.h */,
				FC4EAD52190F2C29000C0195 /* BannerInfo.m */,
			);
			path = asdf;
			sourceTree = "<group>";
		};
		5A62285418B68E4A00A7553A /* Supporting Files */ = {
			isa = PBXGroup;
			children = (
				5A62285518B68E4A00A7553A /* asdf-Info.plist */,
				5A62285618B68E4A00A7553A /* InfoPlist.strings */,
				5A62285918B68E4A00A7553A /* main.m */,
				5A62285B18B68E4A00A7553A /* asdf-Prefix.pch */,
			);
			name = "Supporting Files";
			sourceTree = "<group>";
		};
		5A62287818B68E4A00A7553A /* asdfTests */ = {
			isa = PBXGroup;
			children = (
				5A62287E18B68E4A00A7553A /* asdfTests.m */,
				5A62287918B68E4A00A7553A /* Supporting Files */,
			);
			path = asdfTests;
			sourceTree = "<group>";
		};
		5A62287918B68E4A00A7553A /* Supporting Files */ = {
			isa = PBXGroup;
			children = (
				5A62287A18B68E4A00A7553A /* asdfTests-Info.plist */,
				5A62287B18B68E4A00A7553A /* InfoPlist.strings */,
			);
			name = "Supporting Files";
			sourceTree = "<group>";
		};
/* End PBXGroup section */

/* Begin PBXNativeTarget section */
		5A62284918B68E4A00A7553A /* asdf */ = {
			isa = PBXNativeTarget;
			buildConfigurationList = 5A62288218B68E4A00A7553A /* Build configuration list for PBXNativeTarget "asdf" */;
			buildPhases = (
				5A62284618B68E4A00A7553A /* Sources */,
				5A62284718B68E4A00A7553A /* Frameworks */,
				5A62284818B68E4A00A7553A /* Resources */,
			);
			buildRules = (
			);
			dependencies = (
			);
			name = asdf;
			productName = asdf;
			productReference = 5A62284A18B68E4A00A7553A /* asdf.app */;
			productType = "com.apple.product-type.application";
		};
		5A62287018B68E4A00A7553A /* asdfTests */ = {
			isa = PBXNativeTarget;
			buildConfigurationList = 5A62288518B68E4A00A7553A /* Build configuration list for PBXNativeTarget "asdfTests" */;
			buildPhases = (
				5A62286D18B68E4A00A7553A /* Sources */,
				5A62286E18B68E4A00A7553A /* Frameworks */,
				5A62286F18B68E4A00A7553A /* Resources */,
			);
			buildRules = (
			);
			dependencies = (
				5A62287718B68E4A00A7553A /* PBXTargetDependency */,
			);
			name = asdfTests;
			productName = asdfTests;
			productReference = 5A62287118B68E4A00A7553A /* asdfTests.xctest */;
			productType = "com.apple.product-type.bundle.unit-test";
		};
/* End PBXNativeTarget section */

/* Begin PBXProject section */
		5A62284218B68E4A00A7553A /* Project object */ = {
			isa = PBXProject;
			attributes = {
				LastUpgradeCheck = 0500;
				ORGANIZATIONNAME = "Nick Culbertson";
				TargetAttributes = {
					5A62287018B68E4A00A7553A = {
						TestTargetID = 5A62284918B68E4A00A7553A;
					};
				};
			};
			buildConfigurationList = 5A62284518B68E4A00A7553A /* Build configuration list for PBXProject "asdf" */;
			compatibilityVersion = "Xcode 3.2";
			developmentRegion = English;
			hasScannedForEncodings = 0;
			knownRegions = (
				en,
				Base,
			);
			mainGroup = 5A62284118B68E4A00A7553A;
			productRefGroup = 5A62284B18B68E4A00A7553A /* Products */;
			projectDirPath = "";
			projectRoot = "";
			targets = (
				5A62284918B68E4A00A7553A /* asdf */,
				5A62287018B68E4A00A7553A /* asdfTests */,
			);
		};
/* End PBXProject section */

/* Begin PBXResourcesBuildPhase section */
		5A62284818B68E4A00A7553A /* Resources */ = {
			isa = PBXResourcesBuildPhase;
			buildActionMask = 2147483647;
			files = (
				5A8CDFD018FED3DC004D4C55 /* Icon.png in Resources */,
				5A62286418B68E4A00A7553A /* Main_iPad.storyboard in Resources */,
				5A7557F8192D1C8D0057BE09 /* star1.png in Resources */,
				5A62286C18B68E4A00A7553A /* Images.xcassets in Resources */,
				5A45318E1913F62C003A014F /* halfstar.png in Resources */,
				5A7557FA192D1D430057BE09 /* star3.png in Resources */,
				5A45318D1913F62C003A014F /* emptystar.png in Resources */,
				5A2B2B4018FE1D8600CFC415 /* badge_appstore-lrg.png in Resources */,
				5AB307491921562700CA28F5 /* star2.png in Resources */,
				5A62B31E18F606EE00477EA6 /* dsgn_93_default.menu.png in Resources */,
				5A62286118B68E4A00A7553A /* Main_iPhone.storyboard in Resources */,
				5A62B31F18F606EE00477EA6 /* stargold.png in Resources */,
				5A62285818B68E4A00A7553A /* InfoPlist.strings in Resources */,
				5A45318F1913F62C003A014F /* fullstar.png in Resources */,
			);
			runOnlyForDeploymentPostprocessing = 0;
		};
		5A62286F18B68E4A00A7553A /* Resources */ = {
			isa = PBXResourcesBuildPhase;
			buildActionMask = 2147483647;
			files = (
				5A62287D18B68E4A00A7553A /* InfoPlist.strings in Resources */,
			);
			runOnlyForDeploymentPostprocessing = 0;
		};
/* End PBXResourcesBuildPhase section */

/* Begin PBXSourcesBuildPhase section */
		5A62284618B68E4A00A7553A /* Sources */ = {
			isa = PBXSourcesBuildPhase;
			buildActionMask = 2147483647;
			files = (
				FC4EAD53190F2C29000C0195 /* BannerInfo.m in Sources */,
				5A8CDFCE18FECC29004D4C55 /* DevRater.m in Sources */,
				5AD9EF601922E70E006E63D6 /* CustomAlertView.m in Sources */,
				5A62285E18B68E4A00A7553A /* AppDelegate.m in Sources */,
				5A70B2A118B90FAC0024053E /* DevBanner.m in Sources */,
				5A62286718B68E4A00A7553A /* MainViewController.m in Sources */,
				5A62286A18B68E4A00A7553A /* FlipsideViewController.m in Sources */,
				5A62285A18B68E4A00A7553A /* main.m in Sources */,
			);
			runOnlyForDeploymentPostprocessing = 0;
		};
		5A62286D18B68E4A00A7553A /* Sources */ = {
			isa = PBXSourcesBuildPhase;
			buildActionMask = 2147483647;
			files = (
				5A62287F18B68E4A00A7553A /* asdfTests.m in Sources */,
			);
			runOnlyForDeploymentPostprocessing = 0;
		};
/* End PBXSourcesBuildPhase section */

/* Begin PBXTargetDependency section */
		5A62287718B68E4A00A7553A /* PBXTargetDependency */ = {
			isa = PBXTargetDependency;
			target = 5A62284918B68E4A00A7553A /* asdf */;
			targetProxy = 5A62287618B68E4A00A7553A /* PBXContainerItemProxy */;
		};
/* End PBXTargetDependency section */

/* Begin PBXVariantGroup section */
		5A62285618B68E4A00A7553A /* InfoPlist.strings */ = {
			isa = PBXVariantGroup;
			children = (
				5A62285718B68E4A00A7553A /* en */,
			);
			name = InfoPlist.strings;
			sourceTree = "<group>";
		};
		5A62285F18B68E4A00A7553A /* Main_iPhone.storyboard */ = {
			isa = PBXVariantGroup;
			children = (
				5A62286018B68E4A00A7553A /* Base */,
			);
			name = Main_iPhone.storyboard;
			sourceTree = "<group>";
		};
		5A62286218B68E4A00A7553A /* Main_iPad.storyboard */ = {
			isa = PBXVariantGroup;
			children = (
				5A62286318B68E4A00A7553A /* Base */,
			);
			name = Main_iPad.storyboard;
			sourceTree = "<group>";
		};
		5A62287B18B68E4A00A7553A /* InfoPlist.strings */ = {
			isa = PBXVariantGroup;
			children = (
				5A62287C18B68E4A00A7553A /* en */,
			);
			name = InfoPlist.strings;
			sourceTree = "<group>";
		};
/* End PBXVariantGroup section */

/* Begin XCBuildConfiguration section */
		5A62288018B68E4A00A7553A /* Debug */ = {
			isa = XCBuildConfiguration;
			buildSettings = {
				ALWAYS_SEARCH_USER_PATHS = NO;
				ARCHS = "$(ARCHS_STANDARD_INCLUDING_64_BIT)";
				CLANG_CXX_LANGUAGE_STANDARD = "gnu++0x";
				CLANG_CXX_LIBRARY = "libc++";
				CLANG_ENABLE_MODULES = YES;
				CLANG_ENABLE_OBJC_ARC = YES;
				CLANG_WARN_BOOL_CONVERSION = YES;
				CLANG_WARN_CONSTANT_CONVERSION = YES;
				CLANG_WARN_DIRECT_OBJC_ISA_USAGE = YES_ERROR;
				CLANG_WARN_EMPTY_BODY = YES;
				CLANG_WARN_ENUM_CONVERSION = YES;
				CLANG_WARN_INT_CONVERSION = YES;
				CLANG_WARN_OBJC_ROOT_CLASS = YES_ERROR;
				CLANG_WARN__DUPLICATE_METHOD_MATCH = YES;
				CODE_SIGN_IDENTITY = "iPhone Developer: Nick Culbertson (7G23GFBZ64)";
				"CODE_SIGN_IDENTITY[sdk=iphoneos*]" = "iPhone Developer: Nick Culbertson (7G23GFBZ64)";
				COPY_PHASE_STRIP = NO;
				GCC_C_LANGUAGE_STANDARD = gnu99;
				GCC_DYNAMIC_NO_PIC = NO;
				GCC_OPTIMIZATION_LEVEL = 0;
				GCC_PREPROCESSOR_DEFINITIONS = (
					"DEBUG=1",
					"$(inherited)",
				);
				GCC_SYMBOLS_PRIVATE_EXTERN = NO;
				GCC_WARN_64_TO_32_BIT_CONVERSION = YES;
				GCC_WARN_ABOUT_RETURN_TYPE = YES_ERROR;
				GCC_WARN_UNDECLARED_SELECTOR = YES;
				GCC_WARN_UNINITIALIZED_AUTOS = YES;
				GCC_WARN_UNUSED_FUNCTION = YES;
				GCC_WARN_UNUSED_VARIABLE = YES;
				IPHONEOS_DEPLOYMENT_TARGET = 6.0;
				ONLY_ACTIVE_ARCH = YES;
				PROVISIONING_PROFILE = "13A575A6-BAD8-4A15-A358-3D657F064B26";
				SDKROOT = iphoneos;
				TARGETED_DEVICE_FAMILY = "1,2";
			};
			name = Debug;
		};
		5A62288118B68E4A00A7553A /* Release */ = {
			isa = XCBuildConfiguration;
			buildSettings = {
				ALWAYS_SEARCH_USER_PATHS = NO;
				ARCHS = "$(ARCHS_STANDARD_INCLUDING_64_BIT)";
				CLANG_CXX_LANGUAGE_STANDARD = "gnu++0x";
				CLANG_CXX_LIBRARY = "libc++";
				CLANG_ENABLE_MODULES = YES;
				CLANG_ENABLE_OBJC_ARC = YES;
				CLANG_WARN_BOOL_CONVERSION = YES;
				CLANG_WARN_CONSTANT_CONVERSION = YES;
				CLANG_WARN_DIRECT_OBJC_ISA_USAGE = YES_ERROR;
				CLANG_WARN_EMPTY_BODY = YES;
				CLANG_WARN_ENUM_CONVERSION = YES;
				CLANG_WARN_INT_CONVERSION = YES;
				CLANG_WARN_OBJC_ROOT_CLASS = YES_ERROR;
				CLANG_WARN__DUPLICATE_METHOD_MATCH = YES;
				CODE_SIGN_IDENTITY = "iPhone Developer: Nick Culbertson (7G23GFBZ64)";
				"CODE_SIGN_IDENTITY[sdk=iphoneos*]" = "iPhone Developer: Nick Culbertson (7G23GFBZ64)";
				COPY_PHASE_STRIP = YES;
				ENABLE_NS_ASSERTIONS = NO;
				GCC_C_LANGUAGE_STANDARD = gnu99;
				GCC_WARN_64_TO_32_BIT_CONVERSION = YES;
				GCC_WARN_ABOUT_RETURN_TYPE = YES_ERROR;
				GCC_WARN_UNDECLARED_SELECTOR = YES;
				GCC_WARN_UNINITIALIZED_AUTOS = YES;
				GCC_WARN_UNUSED_FUNCTION = YES;
				GCC_WARN_UNUSED_VARIABLE = YES;
				IPHONEOS_DEPLOYMENT_TARGET = 6.0;
				PROVISIONING_PROFILE = "13A575A6-BAD8-4A15-A358-3D657F064B26";
				SDKROOT = iphoneos;
				TARGETED_DEVICE_FAMILY = "1,2";
				VALIDATE_PRODUCT = YES;
			};
			name = Release;
		};
		5A62288318B68E4A00A7553A /* Debug */ = {
			isa = XCBuildConfiguration;
			buildSettings = {
				ASSETCATALOG_COMPILER_APPICON_NAME = AppIcon;
				ASSETCATALOG_COMPILER_LAUNCHIMAGE_NAME = LaunchImage;
				CODE_SIGN_IDENTITY = "iPhone Developer: Nick Culbertson (7G23GFBZ64)";
				GCC_PRECOMPILE_PREFIX_HEADER = YES;
				GCC_PREFIX_HEADER = "asdf/asdf-Prefix.pch";
				INFOPLIST_FILE = "asdf/asdf-Info.plist";
				IPHONEOS_DEPLOYMENT_TARGET = 7.0;
				PRODUCT_NAME = "$(TARGET_NAME)";
				PROVISIONING_PROFILE = "13A575A6-BAD8-4A15-A358-3D657F064B26";
				WRAPPER_EXTENSION = app;
			};
			name = Debug;
		};
		5A62288418B68E4A00A7553A /* Release */ = {
			isa = XCBuildConfiguration;
			buildSettings = {
				ASSETCATALOG_COMPILER_APPICON_NAME = AppIcon;
				ASSETCATALOG_COMPILER_LAUNCHIMAGE_NAME = LaunchImage;
				CODE_SIGN_IDENTITY = "iPhone Developer: Nick Culbertson (7G23GFBZ64)";
				GCC_PRECOMPILE_PREFIX_HEADER = YES;
				GCC_PREFIX_HEADER = "asdf/asdf-Prefix.pch";
				INFOPLIST_FILE = "asdf/asdf-Info.plist";
				IPHONEOS_DEPLOYMENT_TARGET = 7.0;
				PRODUCT_NAME = "$(TARGET_NAME)";
				PROVISIONING_PROFILE = "13A575A6-BAD8-4A15-A358-3D657F064B26";
				WRAPPER_EXTENSION = app;
			};
			name = Release;
		};
		5A62288618B68E4A00A7553A /* Debug */ = {
			isa = XCBuildConfiguration;
			buildSettings = {
				ARCHS = "$(ARCHS_STANDARD_INCLUDING_64_BIT)";
				BUNDLE_LOADER = "$(BUILT_PRODUCTS_DIR)/asdf.app/asdf";
				FRAMEWORK_SEARCH_PATHS = (
					"$(SDKROOT)/Developer/Library/Frameworks",
					"$(inherited)",
					"$(DEVELOPER_FRAMEWORKS_DIR)",
				);
				GCC_PRECOMPILE_PREFIX_HEADER = YES;
				GCC_PREFIX_HEADER = "asdf/asdf-Prefix.pch";
				GCC_PREPROCESSOR_DEFINITIONS = (
					"DEBUG=1",
					"$(inherited)",
				);
				INFOPLIST_FILE = "asdfTests/asdfTests-Info.plist";
				PRODUCT_NAME = "$(TARGET_NAME)";
				TEST_HOST = "$(BUNDLE_LOADER)";
				WRAPPER_EXTENSION = xctest;
			};
			name = Debug;
		};
		5A62288718B68E4A00A7553A /* Release */ = {
			isa = XCBuildConfiguration;
			buildSettings = {
				ARCHS = "$(ARCHS_STANDARD_INCLUDING_64_BIT)";
				BUNDLE_LOADER = "$(BUILT_PRODUCTS_DIR)/asdf.app/asdf";
				FRAMEWORK_SEARCH_PATHS = (
					"$(SDKROOT)/Developer/Library/Frameworks",
					"$(inherited)",
					"$(DEVELOPER_FRAMEWORKS_DIR)",
				);
				GCC_PRECOMPILE_PREFIX_HEADER = YES;
				GCC_PREFIX_HEADER = "asdf/asdf-Prefix.pch";
				INFOPLIST_FILE = "asdfTests/asdfTests-Info.plist";
				PRODUCT_NAME = "$(TARGET_NAME)";
				TEST_HOST = "$(BUNDLE_LOADER)";
				WRAPPER_EXTENSION = xctest;
			};
			name = Release;
		};
/* End XCBuildConfiguration section */

/* Begin XCConfigurationList section */
		5A62284518B68E4A00A7553A /* Build configuration list for PBXProject "asdf" */ = {
			isa = XCConfigurationList;
			buildConfigurations = (
				5A62288018B68E4A00A7553A /* Debug */,
				5A62288118B68E4A00A7553A /* Release */,
			);
			defaultConfigurationIsVisible = 0;
			defaultConfigurationName = Release;
		};
		5A62288218B68E4A00A7553A /* Build configuration list for PBXNativeTarget "asdf" */ = {
			isa = XCConfigurationList;
			buildConfigurations = (
				5A62288318B68E4A00A7553A /* Debug */,
				5A62288418B68E4A00A7553A /* Release */,
			);
			defaultConfigurationIsVisible = 0;
			defaultConfigurationName = Release;
		};
		5A62288518B68E4A00A7553A /* Build configuration list for PBXNativeTarget "asdfTests" */ = {
			isa = XCConfigurationList;
			buildConfigurations = (
				5A62288618B68E4A00A7553A /* Debug */,
				5A62288718B68E4A00A7553A /* Release */,
			);
			defaultConfigurationIsVisible = 0;
			defaultConfigurationName = Release;
		};
/* End XCConfigurationList section */
	};
	rootObject = 5A62284218B68E4A00A7553A /* Project object */;
}
